// !$*UTF8*$!
{
	archiveVersion = 1;
	classes = {
	};
	objectVersion = 46;
	objects = {

/* Begin PBXBuildFile section */
		2C17AB251F667B630072BF29 /* AppDelegate.swift in Sources */ = {isa = PBXBuildFile; fileRef = 2C17AB241F667B630072BF29 /* AppDelegate.swift */; };
		2C17AB271F667B630072BF29 /* ViewController.swift in Sources */ = {isa = PBXBuildFile; fileRef = 2C17AB261F667B630072BF29 /* ViewController.swift */; };
		2C17AB2A1F667B630072BF29 /* Main.storyboard in Resources */ = {isa = PBXBuildFile; fileRef = 2C17AB281F667B630072BF29 /* Main.storyboard */; };
		2C17AB2C1F667B630072BF29 /* Assets.xcassets in Resources */ = {isa = PBXBuildFile; fileRef = 2C17AB2B1F667B630072BF29 /* Assets.xcassets */; };
		2C17AB2F1F667B630072BF29 /* LaunchScreen.storyboard in Resources */ = {isa = PBXBuildFile; fileRef = 2C17AB2D1F667B630072BF29 /* LaunchScreen.storyboard */; };
		2C17AB3A1F667B630072BF29 /* KaraokeTests.swift in Sources */ = {isa = PBXBuildFile; fileRef = 2C17AB391F667B630072BF29 /* KaraokeTests.swift */; };
		2C17AB451F667B630072BF29 /* KaraokeUITests.swift in Sources */ = {isa = PBXBuildFile; fileRef = 2C17AB441F667B630072BF29 /* KaraokeUITests.swift */; };
		2C17AB531F6695090072BF29 /* bg.m4a in Resources */ = {isa = PBXBuildFile; fileRef = 2C17AB521F6695090072BF29 /* bg.m4a */; };
		2C705F171F66A30800754B5F /* 陈粒 - 奇妙能力歌.mp3 in Resources */ = {isa = PBXBuildFile; fileRef = 2C705F161F66A30800754B5F /* 陈粒 - 奇妙能力歌.mp3 */; };
		2C7BBE731F66A599006D937F /* a.mp4 in Resources */ = {isa = PBXBuildFile; fileRef = 2C7BBE721F66A599006D937F /* a.mp4 */; };
		2C7BBE751F66C9C5006D937F /* b.mp4 in Resources */ = {isa = PBXBuildFile; fileRef = 2C7BBE741F66C9C5006D937F /* b.mp4 */; };
/* End PBXBuildFile section */

/* Begin PBXContainerItemProxy section */
		2C17AB361F667B630072BF29 /* PBXContainerItemProxy */ = {
			isa = PBXContainerItemProxy;
			containerPortal = 2C17AB191F667B630072BF29 /* Project object */;
			proxyType = 1;
			remoteGlobalIDString = 2C17AB201F667B630072BF29;
			remoteInfo = Karaoke;
		};
		2C17AB411F667B630072BF29 /* PBXContainerItemProxy */ = {
			isa = PBXContainerItemProxy;
			containerPortal = 2C17AB191F667B630072BF29 /* Project object */;
			proxyType = 1;
			remoteGlobalIDString = 2C17AB201F667B630072BF29;
			remoteInfo = Karaoke;
		};
/* End PBXContainerItemProxy section */

/* Begin PBXFileReference section */
		2C17AB211F667B630072BF29 /* Karaoke.app */ = {isa = PBXFileReference; explicitFileType = wrapper.application; includeInIndex = 0; path = Karaoke.app; sourceTree = BUILT_PRODUCTS_DIR; };
		2C17AB241F667B630072BF29 /* AppDelegate.swift */ = {isa = PBXFileReference; lastKnownFileType = sourcecode.swift; path = AppDelegate.swift; sourceTree = "<group>"; };
		2C17AB261F667B630072BF29 /* ViewController.swift */ = {isa = PBXFileReference; lastKnownFileType = sourcecode.swift; path = ViewController.swift; sourceTree = "<group>"; };
		2C17AB291F667B630072BF29 /* Base */ = {isa = PBXFileReference; lastKnownFileType = file.storyboard; name = Base; path = Base.lproj/Main.storyboard; sourceTree = "<group>"; };
		2C17AB2B1F667B630072BF29 /* Assets.xcassets */ = {isa = PBXFileReference; lastKnownFileType = folder.assetcatalog; path = Assets.xcassets; sourceTree = "<group>"; };
		2C17AB2E1F667B630072BF29 /* Base */ = {isa = PBXFileReference; lastKnownFileType = file.storyboard; name = Base; path = Base.lproj/LaunchScreen.storyboard; sourceTree = "<group>"; };
		2C17AB301F667B630072BF29 /* Info.plist */ = {isa = PBXFileReference; lastKnownFileType = text.plist.xml; path = Info.plist; sourceTree = "<group>"; };
		2C17AB351F667B630072BF29 /* KaraokeTests.xctest */ = {isa = PBXFileReference; explicitFileType = wrapper.cfbundle; includeInIndex = 0; path = KaraokeTests.xctest; sourceTree = BUILT_PRODUCTS_DIR; };
		2C17AB391F667B630072BF29 /* KaraokeTests.swift */ = {isa = PBXFileReference; lastKnownFileType = sourcecode.swift; path = KaraokeTests.swift; sourceTree = "<group>"; };
		2C17AB3B1F667B630072BF29 /* Info.plist */ = {isa = PBXFileReference; lastKnownFileType = text.plist.xml; path = Info.plist; sourceTree = "<group>"; };
		2C17AB401F667B630072BF29 /* KaraokeUITests.xctest */ = {isa = PBXFileReference; explicitFileType = wrapper.cfbundle; includeInIndex = 0; path = KaraokeUITests.xctest; sourceTree = BUILT_PRODUCTS_DIR; };
		2C17AB441F667B630072BF29 /* KaraokeUITests.swift */ = {isa = PBXFileReference; lastKnownFileType = sourcecode.swift; path = KaraokeUITests.swift; sourceTree = "<group>"; };
		2C17AB461F667B630072BF29 /* Info.plist */ = {isa = PBXFileReference; lastKnownFileType = text.plist.xml; path = Info.plist; sourceTree = "<group>"; };
		2C17AB521F6695090072BF29 /* bg.m4a */ = {isa = PBXFileReference; lastKnownFileType = file; path = bg.m4a; sourceTree = "<group>"; };
		2C705F161F66A30800754B5F /* 陈粒 - 奇妙能力歌.mp3 */ = {isa = PBXFileReference; lastKnownFileType = audio.mp3; path = "陈粒 - 奇妙能力歌.mp3"; sourceTree = "<group>"; };
		2C7BBE721F66A599006D937F /* a.mp4 */ = {isa = PBXFileReference; lastKnownFileType = file; path = a.mp4; sourceTree = "<group>"; };
		2C7BBE741F66C9C5006D937F /* b.mp4 */ = {isa = PBXFileReference; lastKnownFileType = file; path = b.mp4; sourceTree = "<group>"; };
/* End PBXFileReference section */

/* Begin PBXFrameworksBuildPhase section */
		2C17AB1E1F667B630072BF29 /* Frameworks */ = {
			isa = PBXFrameworksBuildPhase;
			buildActionMask = 2147483647;
			files = (
			);
			runOnlyForDeploymentPostprocessing = 0;
		};
		2C17AB321F667B630072BF29 /* Frameworks */ = {
			isa = PBXFrameworksBuildPhase;
			buildActionMask = 2147483647;
			files = (
			);
			runOnlyForDeploymentPostprocessing = 0;
		};
		2C17AB3D1F667B630072BF29 /* Frameworks */ = {
			isa = PBXFrameworksBuildPhase;
			buildActionMask = 2147483647;
			files = (
			);
			runOnlyForDeploymentPostprocessing = 0;
		};
/* End PBXFrameworksBuildPhase section */

/* Begin PBXGroup section */
		2C17AB181F667B630072BF29 = {
			isa = PBXGroup;
			children = (
				2C17AB231F667B630072BF29 /* Karaoke */,
				2C17AB381F667B630072BF29 /* KaraokeTests */,
				2C17AB431F667B630072BF29 /* KaraokeUITests */,
				2C17AB221F667B630072BF29 /* Products */,
			);
			sourceTree = "<group>";
		};
		2C17AB221F667B630072BF29 /* Products */ = {
			isa = PBXGroup;
			children = (
				2C17AB211F667B630072BF29 /* Karaoke.app */,
				2C17AB351F667B630072BF29 /* KaraokeTests.xctest */,
				2C17AB401F667B630072BF29 /* KaraokeUITests.xctest */,
			);
			name = Products;
			sourceTree = "<group>";
		};
		2C17AB231F667B630072BF29 /* Karaoke */ = {
			isa = PBXGroup;
			children = (
				2C7BBE721F66A599006D937F /* a.mp4 */,
				2C7BBE741F66C9C5006D937F /* b.mp4 */,
				2C705F161F66A30800754B5F /* 陈粒 - 奇妙能力歌.mp3 */,
				2C17AB521F6695090072BF29 /* bg.m4a */,
				2C17AB241F667B630072BF29 /* AppDelegate.swift */,
				2C17AB261F667B630072BF29 /* ViewController.swift */,
				2C17AB281F667B630072BF29 /* Main.storyboard */,
				2C17AB2B1F667B630072BF29 /* Assets.xcassets */,
				2C17AB2D1F667B630072BF29 /* LaunchScreen.storyboard */,
				2C17AB301F667B630072BF29 /* Info.plist */,
			);
			path = Karaoke;
			sourceTree = "<group>";
		};
		2C17AB381F667B630072BF29 /* KaraokeTests */ = {
			isa = PBXGroup;
			children = (
				2C17AB391F667B630072BF29 /* KaraokeTests.swift */,
				2C17AB3B1F667B630072BF29 /* Info.plist */,
			);
			path = KaraokeTests;
			sourceTree = "<group>";
		};
		2C17AB431F667B630072BF29 /* KaraokeUITests */ = {
			isa = PBXGroup;
			children = (
				2C17AB441F667B630072BF29 /* KaraokeUITests.swift */,
				2C17AB461F667B630072BF29 /* Info.plist */,
			);
			path = KaraokeUITests;
			sourceTree = "<group>";
		};
/* End PBXGroup section */

/* Begin PBXNativeTarget section */
		2C17AB201F667B630072BF29 /* Karaoke */ = {
			isa = PBXNativeTarget;
			buildConfigurationList = 2C17AB491F667B630072BF29 /* Build configuration list for PBXNativeTarget "Karaoke" */;
			buildPhases = (
				2C17AB1D1F667B630072BF29 /* Sources */,
				2C17AB1E1F667B630072BF29 /* Frameworks */,
				2C17AB1F1F667B630072BF29 /* Resources */,
			);
			buildRules = (
			);
			dependencies = (
			);
			name = Karaoke;
			productName = Karaoke;
			productReference = 2C17AB211F667B630072BF29 /* Karaoke.app */;
			productType = "com.apple.product-type.application";
		};
		2C17AB341F667B630072BF29 /* KaraokeTests */ = {
			isa = PBXNativeTarget;
			buildConfigurationList = 2C17AB4C1F667B630072BF29 /* Build configuration list for PBXNativeTarget "KaraokeTests" */;
			buildPhases = (
				2C17AB311F667B630072BF29 /* Sources */,
				2C17AB321F667B630072BF29 /* Frameworks */,
				2C17AB331F667B630072BF29 /* Resources */,
			);
			buildRules = (
			);
			dependencies = (
				2C17AB371F667B630072BF29 /* PBXTargetDependency */,
			);
			name = KaraokeTests;
			productName = KaraokeTests;
			productReference = 2C17AB351F667B630072BF29 /* KaraokeTests.xctest */;
			productType = "com.apple.product-type.bundle.unit-test";
		};
		2C17AB3F1F667B630072BF29 /* KaraokeUITests */ = {
			isa = PBXNativeTarget;
			buildConfigurationList = 2C17AB4F1F667B630072BF29 /* Build configuration list for PBXNativeTarget "KaraokeUITests" */;
			buildPhases = (
				2C17AB3C1F667B630072BF29 /* Sources */,
				2C17AB3D1F667B630072BF29 /* Frameworks */,
				2C17AB3E1F667B630072BF29 /* Resources */,
			);
			buildRules = (
			);
			dependencies = (
				2C17AB421F667B630072BF29 /* PBXTargetDependency */,
			);
			name = KaraokeUITests;
			productName = KaraokeUITests;
			productReference = 2C17AB401F667B630072BF29 /* KaraokeUITests.xctest */;
			productType = "com.apple.product-type.bundle.ui-testing";
		};
/* End PBXNativeTarget section */

/* Begin PBXProject section */
		2C17AB191F667B630072BF29 /* Project object */ = {
			isa = PBXProject;
			attributes = {
				LastSwiftUpdateCheck = 0830;
				LastUpgradeCheck = 0830;
				ORGANIZATIONNAME = HUAYUN;
				TargetAttributes = {
					2C17AB201F667B630072BF29 = {
						CreatedOnToolsVersion = 8.3.3;
						DevelopmentTeam = 2NS9C5985G;
						ProvisioningStyle = Automatic;
					};
					2C17AB341F667B630072BF29 = {
						CreatedOnToolsVersion = 8.3.3;
						DevelopmentTeam = 2NS9C5985G;
						ProvisioningStyle = Automatic;
						TestTargetID = 2C17AB201F667B630072BF29;
					};
					2C17AB3F1F667B630072BF29 = {
						CreatedOnToolsVersion = 8.3.3;
						DevelopmentTeam = 2NS9C5985G;
						ProvisioningStyle = Automatic;
						TestTargetID = 2C17AB201F667B630072BF29;
					};
				};
			};
			buildConfigurationList = 2C17AB1C1F667B630072BF29 /* Build configuration list for PBXProject "Karaoke" */;
			compatibilityVersion = "Xcode 3.2";
			developmentRegion = English;
			hasScannedForEncodings = 0;
			knownRegions = (
				en,
				Base,
			);
			mainGroup = 2C17AB181F667B630072BF29;
			productRefGroup = 2C17AB221F667B630072BF29 /* Products */;
			projectDirPath = "";
			projectRoot = "";
			targets = (
				2C17AB201F667B630072BF29 /* Karaoke */,
				2C17AB341F667B630072BF29 /* KaraokeTests */,
				2C17AB3F1F667B630072BF29 /* KaraokeUITests */,
			);
		};
/* End PBXProject section */

/* Begin PBXResourcesBuildPhase section */
		2C17AB1F1F667B630072BF29 /* Resources */ = {
			isa = PBXResourcesBuildPhase;
			buildActionMask = 2147483647;
			files = (
				2C7BBE751F66C9C5006D937F /* b.mp4 in Resources */,
				2C705F171F66A30800754B5F /* 陈粒 - 奇妙能力歌.mp3 in Resources */,
				2C17AB2F1F667B630072BF29 /* LaunchScreen.storyboard in Resources */,
				2C17AB2C1F667B630072BF29 /* Assets.xcassets in Resources */,
				2C7BBE731F66A599006D937F /* a.mp4 in Resources */,
				2C17AB2A1F667B630072BF29 /* Main.storyboard in Resources */,
				2C17AB531F6695090072BF29 /* bg.m4a in Resources */,
			);
			runOnlyForDeploymentPostprocessing = 0;
		};
		2C17AB331F667B630072BF29 /* Resources */ = {
			isa = PBXResourcesBuildPhase;
			buildActionMask = 2147483647;
			files = (
			);
			runOnlyForDeploymentPostprocessing = 0;
		};
		2C17AB3E1F667B630072BF29 /* Resources */ = {
			isa = PBXResourcesBuildPhase;
			buildActionMask = 2147483647;
			files = (
			);
			runOnlyForDeploymentPostprocessing = 0;
		};
/* End PBXResourcesBuildPhase section */

/* Begin PBXSourcesBuildPhase section */
		2C17AB1D1F667B630072BF29 /* Sources */ = {
			isa = PBXSourcesBuildPhase;
			buildActionMask = 2147483647;
			files = (
				2C17AB271F667B630072BF29 /* ViewController.swift in Sources */,
				2C17AB251F667B630072BF29 /* AppDelegate.swift in Sources */,
			);
			runOnlyForDeploymentPostprocessing = 0;
		};
		2C17AB311F667B630072BF29 /* Sources */ = {
			isa = PBXSourcesBuildPhase;
			buildActionMask = 2147483647;
			files = (
				2C17AB3A1F667B630072BF29 /* KaraokeTests.swift in Sources */,
			);
			runOnlyForDeploymentPostprocessing = 0;
		};
		2C17AB3C1F667B630072BF29 /* Sources */ = {
			isa = PBXSourcesBuildPhase;
			buildActionMask = 2147483647;
			files = (
				2C17AB451F667B630072BF29 /* KaraokeUITests.swift in Sources */,
			);
			runOnlyForDeploymentPostprocessing = 0;
		};
/* End PBXSourcesBuildPhase section */

/* Begin PBXTargetDependency section */
		2C17AB371F667B630072BF29 /* PBXTargetDependency */ = {
			isa = PBXTargetDependency;
			target = 2C17AB201F667B630072BF29 /* Karaoke */;
			targetProxy = 2C17AB361F667B630072BF29 /* PBXContainerItemProxy */;
		};
		2C17AB421F667B630072BF29 /* PBXTargetDependency */ = {
			isa = PBXTargetDependency;
			target = 2C17AB201F667B630072BF29 /* Karaoke */;
			targetProxy = 2C17AB411F667B630072BF29 /* PBXContainerItemProxy */;
		};
/* End PBXTargetDependency section */

/* Begin PBXVariantGroup section */
		2C17AB281F667B630072BF29 /* Main.storyboard */ = {
			isa = PBXVariantGroup;
			children = (
				2C17AB291F667B630072BF29 /* Base */,
			);
			name = Main.storyboard;
			sourceTree = "<group>";
		};
		2C17AB2D1F667B630072BF29 /* LaunchScreen.storyboard */ = {
			isa = PBXVariantGroup;
			children = (
				2C17AB2E1F667B630072BF29 /* Base */,
			);
			name = LaunchScreen.storyboard;
			sourceTree = "<group>";
		};
/* End PBXVariantGroup section */

/* Begin XCBuildConfiguration section */
		2C17AB471F667B630072BF29 /* Debug */ = {
			isa = XCBuildConfiguration;
			buildSettings = {
				ALWAYS_SEARCH_USER_PATHS = NO;
				CLANG_ANALYZER_NONNULL = YES;
				CLANG_ANALYZER_NUMBER_OBJECT_CONVERSION = YES_AGGRESSIVE;
				CLANG_CXX_LANGUAGE_STANDARD = "gnu++0x";
				CLANG_CXX_LIBRARY = "libc++";
				CLANG_ENABLE_MODULES = YES;
				CLANG_ENABLE_OBJC_ARC = YES;
				CLANG_WARN_BOOL_CONVERSION = YES;
				CLANG_WARN_CONSTANT_CONVERSION = YES;
				CLANG_WARN_DIRECT_OBJC_ISA_USAGE = YES_ERROR;
				CLANG_WARN_DOCUMENTATION_COMMENTS = YES;
				CLANG_WARN_EMPTY_BODY = YES;
				CLANG_WARN_ENUM_CONVERSION = YES;
				CLANG_WARN_INFINITE_RECURSION = YES;
				CLANG_WARN_INT_CONVERSION = YES;
				CLANG_WARN_OBJC_ROOT_CLASS = YES_ERROR;
				CLANG_WARN_SUSPICIOUS_MOVE = YES;
				CLANG_WARN_UNREACHABLE_CODE = YES;
				CLANG_WARN__DUPLICATE_METHOD_MATCH = YES;
				"CODE_SIGN_IDENTITY[sdk=iphoneos*]" = "iPhone Developer";
				COPY_PHASE_STRIP = NO;
				DEBUG_INFORMATION_FORMAT = dwarf;
				ENABLE_STRICT_OBJC_MSGSEND = YES;
				ENABLE_TESTABILITY = YES;
				GCC_C_LANGUAGE_STANDARD = gnu99;
				GCC_DYNAMIC_NO_PIC = NO;
				GCC_NO_COMMON_BLOCKS = YES;
				GCC_OPTIMIZATION_LEVEL = 0;
				GCC_PREPROCESSOR_DEFINITIONS = (
					"DEBUG=1",
					"$(inherited)",
				);
				GCC_WARN_64_TO_32_BIT_CONVERSION = YES;
				GCC_WARN_ABOUT_RETURN_TYPE = YES_ERROR;
				GCC_WARN_UNDECLARED_SELECTOR = YES;
				GCC_WARN_UNINITIALIZED_AUTOS = YES_AGGRESSIVE;
				GCC_WARN_UNUSED_FUNCTION = YES;
				GCC_WARN_UNUSED_VARIABLE = YES;
				IPHONEOS_DEPLOYMENT_TARGET = 10.3;
				MTL_ENABLE_DEBUG_INFO = YES;
				ONLY_ACTIVE_ARCH = YES;
				SDKROOT = iphoneos;
				SWIFT_ACTIVE_COMPILATION_CONDITIONS = DEBUG;
				SWIFT_OPTIMIZATION_LEVEL = "-Onone";
				TARGETED_DEVICE_FAMILY = "1,2";
			};
			name = Debug;
		};
		2C17AB481F667B630072BF29 /* Release */ = {
			isa = XCBuildConfiguration;
			buildSettings = {
				ALWAYS_SEARCH_USER_PATHS = NO;
				CLANG_ANALYZER_NONNULL = YES;
				CLANG_ANALYZER_NUMBER_OBJECT_CONVERSION = YES_AGGRESSIVE;
				CLANG_CXX_LANGUAGE_STANDARD = "gnu++0x";
				CLANG_CXX_LIBRARY = "libc++";
				CLANG_ENABLE_MODULES = YES;
				CLANG_ENABLE_OBJC_ARC = YES;
				CLANG_WARN_BOOL_CONVERSION = YES;
				CLANG_WARN_CONSTANT_CONVERSION = YES;
				CLANG_WARN_DIRECT_OBJC_ISA_USAGE = YES_ERROR;
				CLANG_WARN_DOCUMENTATION_COMMENTS = YES;
				CLANG_WARN_EMPTY_BODY = YES;
				CLANG_WARN_ENUM_CONVERSION = YES;
				CLANG_WARN_INFINITE_RECURSION = YES;
				CLANG_WARN_INT_CONVERSION = YES;
				CLANG_WARN_OBJC_ROOT_CLASS = YES_ERROR;
				CLANG_WARN_SUSPICIOUS_MOVE = YES;
				CLANG_WARN_UNREACHABLE_CODE = YES;
				CLANG_WARN__DUPLICATE_METHOD_MATCH = YES;
				"CODE_SIGN_IDENTITY[sdk=iphoneos*]" = "iPhone Developer";
				COPY_PHASE_STRIP = NO;
				DEBUG_INFORMATION_FORMAT = "dwarf-with-dsym";
				ENABLE_NS_ASSERTIONS = NO;
				ENABLE_STRICT_OBJC_MSGSEND = YES;
				GCC_C_LANGUAGE_STANDARD = gnu99;
				GCC_NO_COMMON_BLOCKS = YES;
				GCC_WARN_64_TO_32_BIT_CONVERSION = YES;
				GCC_WARN_ABOUT_RETURN_TYPE = YES_ERROR;
				GCC_WARN_UNDECLARED_SELECTOR = YES;
				GCC_WARN_UNINITIALIZED_AUTOS = YES_AGGRESSIVE;
				GCC_WARN_UNUSED_FUNCTION = YES;
				GCC_WARN_UNUSED_VARIABLE = YES;
				IPHONEOS_DEPLOYMENT_TARGET = 10.3;
				MTL_ENABLE_DEBUG_INFO = NO;
				SDKROOT = iphoneos;
				SWIFT_OPTIMIZATION_LEVEL = "-Owholemodule";
				TARGETED_DEVICE_FAMILY = "1,2";
				VALIDATE_PRODUCT = YES;
			};
			name = Release;
		};
		2C17AB4A1F667B630072BF29 /* Debug */ = {
			isa = XCBuildConfiguration;
			buildSettings = {
				ASSETCATALOG_COMPILER_APPICON_NAME = AppIcon;
				DEVELOPMENT_TEAM = 2NS9C5985G;
				INFOPLIST_FILE = Karaoke/Info.plist;
				LD_RUNPATH_SEARCH_PATHS = "$(inherited) @executable_path/Frameworks";
				PRODUCT_BUNDLE_IDENTIFIER = com.lianchang.app;
				PRODUCT_NAME = "$(TARGET_NAME)";
				SWIFT_VERSION = 3.0;
			};
			name = Debug;
		};
		2C17AB4B1F667B630072BF29 /* Release */ = {
			isa = XCBuildConfiguration;
			buildSettings = {
				ASSETCATALOG_COMPILER_APPICON_NAME = AppIcon;
				DEVELOPMENT_TEAM = 2NS9C5985G;
				INFOPLIST_FILE = Karaoke/Info.plist;
				LD_RUNPATH_SEARCH_PATHS = "$(inherited) @executable_path/Frameworks";
				PRODUCT_BUNDLE_IDENTIFIER = com.lianchang.app;
				PRODUCT_NAME = "$(TARGET_NAME)";
				SWIFT_VERSION = 3.0;
			};
			name = Release;
		};
		2C17AB4D1F667B630072BF29 /* Debug */ = {
			isa = XCBuildConfiguration;
			buildSettings = {
				ALWAYS_EMBED_SWIFT_STANDARD_LIBRARIES = YES;
				BUNDLE_LOADER = "$(TEST_HOST)";
				DEVELOPMENT_TEAM = 2NS9C5985G;
				INFOPLIST_FILE = KaraokeTests/Info.plist;
				LD_RUNPATH_SEARCH_PATHS = "$(inherited) @executable_path/Frameworks @loader_path/Frameworks";
				PRODUCT_BUNDLE_IDENTIFIER = com.lianchang.KaraokeTests;
				PRODUCT_NAME = "$(TARGET_NAME)";
				SWIFT_VERSION = 3.0;
				TEST_HOST = "$(BUILT_PRODUCTS_DIR)/Karaoke.app/Karaoke";
			};
			name = Debug;
		};
		2C17AB4E1F667B630072BF29 /* Release */ = {
			isa = XCBuildConfiguration;
			buildSettings = {
				ALWAYS_EMBED_SWIFT_STANDARD_LIBRARIES = YES;
				BUNDLE_LOADER = "$(TEST_HOST)";
				DEVELOPMENT_TEAM = 2NS9C5985G;
				INFOPLIST_FILE = KaraokeTests/Info.plist;
				LD_RUNPATH_SEARCH_PATHS = "$(inherited) @executable_path/Frameworks @loader_path/Frameworks";
				PRODUCT_BUNDLE_IDENTIFIER = com.lianchang.KaraokeTests;
				PRODUCT_NAME = "$(TARGET_NAME)";
				SWIFT_VERSION = 3.0;
				TEST_HOST = "$(BUILT_PRODUCTS_DIR)/Karaoke.app/Karaoke";
			};
			name = Release;
		};
		2C17AB501F667B630072BF29 /* Debug */ = {
			isa = XCBuildConfiguration;
			buildSettings = {
				ALWAYS_EMBED_SWIFT_STANDARD_LIBRARIES = YES;
				DEVELOPMENT_TEAM = 2NS9C5985G;
				INFOPLIST_FILE = KaraokeUITests/Info.plist;
				LD_RUNPATH_SEARCH_PATHS = "$(inherited) @executable_path/Frameworks @loader_path/Frameworks";
				PRODUCT_BUNDLE_IDENTIFIER = com.lianchang.KaraokeUITests;
				PRODUCT_NAME = "$(TARGET_NAME)";
				SWIFT_VERSION = 3.0;
				TEST_TARGET_NAME = Karaoke;
			};
			name = Debug;
		};
		2C17AB511F667B630072BF29 /* Release */ = {
			isa = XCBuildConfiguration;
			buildSettings = {
				ALWAYS_EMBED_SWIFT_STANDARD_LIBRARIES = YES;
				DEVELOPMENT_TEAM = 2NS9C5985G;
				INFOPLIST_FILE = KaraokeUITests/Info.plist;
				LD_RUNPATH_SEARCH_PATHS = "$(inherited) @executable_path/Frameworks @loader_path/Frameworks";
				PRODUCT_BUNDLE_IDENTIFIER = com.lianchang.KaraokeUITests;
				PRODUCT_NAME = "$(TARGET_NAME)";
				SWIFT_VERSION = 3.0;
				TEST_TARGET_NAME = Karaoke;
			};
			name = Release;
		};
/* End XCBuildConfiguration section */

/* Begin XCConfigurationList section */
		2C17AB1C1F667B630072BF29 /* Build configuration list for PBXProject "Karaoke" */ = {
			isa = XCConfigurationList;
			buildConfigurations = (
				2C17AB471F667B630072BF29 /* Debug */,
				2C17AB481F667B630072BF29 /* Release */,
			);
			defaultConfigurationIsVisible = 0;
			defaultConfigurationName = Release;
		};
		2C17AB491F667B630072BF29 /* Build configuration list for PBXNativeTarget "Karaoke" */ = {
			isa = XCConfigurationList;
			buildConfigurations = (
				2C17AB4A1F667B630072BF29 /* Debug */,
				2C17AB4B1F667B630072BF29 /* Release */,
			);
			defaultConfigurationIsVisible = 0;
			defaultConfigurationName = Release;
		};
		2C17AB4C1F667B630072BF29 /* Build configuration list for PBXNativeTarget "KaraokeTests" */ = {
			isa = XCConfigurationList;
			buildConfigurations = (
				2C17AB4D1F667B630072BF29 /* Debug */,
				2C17AB4E1F667B630072BF29 /* Release */,
			);
			defaultConfigurationIsVisible = 0;
			defaultConfigurationName = Release;
		};
		2C17AB4F1F667B630072BF29 /* Build configuration list for PBXNativeTarget "KaraokeUITests" */ = {
			isa = XCConfigurationList;
			buildConfigurations = (
				2C17AB501F667B630072BF29 /* Debug */,
				2C17AB511F667B630072BF29 /* Release */,
			);
			defaultConfigurationIsVisible = 0;
			defaultConfigurationName = Release;
		};
/* End XCConfigurationList section */
	};
	rootObject = 2C17AB191F667B630072BF29 /* Project object */;
}
